# This file is automatically @generated by Poetry 1.4.2 and should not be changed by hand.

[[package]]
name = "certifi"
version = "2023.7.22"
description = "Python package for providing Mozilla's CA Bundle."
category = "main"
optional = false
python-versions = ">=3.6"
files = [
    {file = "certifi-2023.7.22-py3-none-any.whl", hash = "sha256:92d6037539857d8206b8f6ae472e8b77db8058fec5937a1ef3f54304089edbb9"},
    {file = "certifi-2023.7.22.tar.gz", hash = "sha256:539cc1d13202e33ca466e88b2807e29f4c13049d6d87031a3c110744495cb082"},
]

[[package]]
name = "jplephem"
version = "2.19"
description = "Use a JPL ephemeris to predict planet positions."
category = "main"
optional = false
python-versions = "*"
files = [
    {file = "jplephem-2.19-py3-none-any.whl", hash = "sha256:eb1ef089050557725f747f9e5c3afc0fb5978261ae620c5b6a1f66a3cc7565df"},
    {file = "jplephem-2.19.tar.gz", hash = "sha256:c162454c656d6e5203ff9701d826671faf9f3209d971cbb68ddb46003dff6dcf"},
]

[package.dependencies]
numpy = "*"

[[package]]
name = "numpy"
version = "1.25.2"
description = "Fundamental package for array computing in Python"
category = "main"
optional = false
python-versions = ">=3.9"
files = [
    {file = "numpy-1.25.2-cp310-cp310-macosx_10_9_x86_64.whl", hash = "sha256:db3ccc4e37a6873045580d413fe79b68e47a681af8db2e046f1dacfa11f86eb3"},
    {file = "numpy-1.25.2-cp310-cp310-macosx_11_0_arm64.whl", hash = "sha256:90319e4f002795ccfc9050110bbbaa16c944b1c37c0baeea43c5fb881693ae1f"},
    {file = "numpy-1.25.2-cp310-cp310-manylinux_2_17_aarch64.manylinux2014_aarch64.whl", hash = "sha256:dfe4a913e29b418d096e696ddd422d8a5d13ffba4ea91f9f60440a3b759b0187"},
    {file = "numpy-1.25.2-cp310-cp310-manylinux_2_17_x86_64.manylinux2014_x86_64.whl", hash = "sha256:f08f2e037bba04e707eebf4bc934f1972a315c883a9e0ebfa8a7756eabf9e357"},
    {file = "numpy-1.25.2-cp310-cp310-musllinux_1_1_x86_64.whl", hash = "sha256:bec1e7213c7cb00d67093247f8c4db156fd03075f49876957dca4711306d39c9"},
    {file = "numpy-1.25.2-cp310-cp310-win32.whl", hash = "sha256:7dc869c0c75988e1c693d0e2d5b26034644399dd929bc049db55395b1379e044"},
    {file = "numpy-1.25.2-cp310-cp310-win_amd64.whl", hash = "sha256:834b386f2b8210dca38c71a6e0f4fd6922f7d3fcff935dbe3a570945acb1b545"},
    {file = "numpy-1.25.2-cp311-cp311-macosx_10_9_x86_64.whl", hash = "sha256:c5462d19336db4560041517dbb7759c21d181a67cb01b36ca109b2ae37d32418"},
    {file = "numpy-1.25.2-cp311-cp311-macosx_11_0_arm64.whl", hash = "sha256:c5652ea24d33585ea39eb6a6a15dac87a1206a692719ff45d53c5282e66d4a8f"},
    {file = "numpy-1.25.2-cp311-cp311-manylinux_2_17_aarch64.manylinux2014_aarch64.whl", hash = "sha256:0d60fbae8e0019865fc4784745814cff1c421df5afee233db6d88ab4f14655a2"},
    {file = "numpy-1.25.2-cp311-cp311-manylinux_2_17_x86_64.manylinux2014_x86_64.whl", hash = "sha256:60e7f0f7f6d0eee8364b9a6304c2845b9c491ac706048c7e8cf47b83123b8dbf"},
    {file = "numpy-1.25.2-cp311-cp311-musllinux_1_1_x86_64.whl", hash = "sha256:bb33d5a1cf360304754913a350edda36d5b8c5331a8237268c48f91253c3a364"},
    {file = "numpy-1.25.2-cp311-cp311-win32.whl", hash = "sha256:5883c06bb92f2e6c8181df7b39971a5fb436288db58b5a1c3967702d4278691d"},
    {file = "numpy-1.25.2-cp311-cp311-win_amd64.whl", hash = "sha256:5c97325a0ba6f9d041feb9390924614b60b99209a71a69c876f71052521d42a4"},
    {file = "numpy-1.25.2-cp39-cp39-macosx_10_9_x86_64.whl", hash = "sha256:b79e513d7aac42ae918db3ad1341a015488530d0bb2a6abcbdd10a3a829ccfd3"},
    {file = "numpy-1.25.2-cp39-cp39-macosx_11_0_arm64.whl", hash = "sha256:eb942bfb6f84df5ce05dbf4b46673ffed0d3da59f13635ea9b926af3deb76926"},
    {file = "numpy-1.25.2-cp39-cp39-manylinux_2_17_aarch64.manylinux2014_aarch64.whl", hash = "sha256:3e0746410e73384e70d286f93abf2520035250aad8c5714240b0492a7302fdca"},
    {file = "numpy-1.25.2-cp39-cp39-manylinux_2_17_x86_64.manylinux2014_x86_64.whl", hash = "sha256:d7806500e4f5bdd04095e849265e55de20d8cc4b661b038957354327f6d9b295"},
    {file = "numpy-1.25.2-cp39-cp39-musllinux_1_1_x86_64.whl", hash = "sha256:8b77775f4b7df768967a7c8b3567e309f617dd5e99aeb886fa14dc1a0791141f"},
    {file = "numpy-1.25.2-cp39-cp39-win32.whl", hash = "sha256:2792d23d62ec51e50ce4d4b7d73de8f67a2fd3ea710dcbc8563a51a03fb07b01"},
    {file = "numpy-1.25.2-cp39-cp39-win_amd64.whl", hash = "sha256:76b4115d42a7dfc5d485d358728cdd8719be33cc5ec6ec08632a5d6fca2ed380"},
    {file = "numpy-1.25.2-pp39-pypy39_pp73-macosx_10_9_x86_64.whl", hash = "sha256:1a1329e26f46230bf77b02cc19e900db9b52f398d6722ca853349a782d4cff55"},
    {file = "numpy-1.25.2-pp39-pypy39_pp73-manylinux_2_17_x86_64.manylinux2014_x86_64.whl", hash = "sha256:4c3abc71e8b6edba80a01a52e66d83c5d14433cbcd26a40c329ec7ed09f37901"},
    {file = "numpy-1.25.2-pp39-pypy39_pp73-win_amd64.whl", hash = "sha256:1b9735c27cea5d995496f46a8b1cd7b408b3f34b6d50459d9ac8fe3a20cc17bf"},
    {file = "numpy-1.25.2.tar.gz", hash = "sha256:fd608e19c8d7c55021dffd43bfe5492fab8cc105cc8986f813f8c3c048b38760"},
]

[[package]]
name = "sgp4"
version = "2.22"
description = "Track Earth satellites given TLE data, using up-to-date 2020 SGP4 routines."
category = "main"
optional = false
python-versions = "*"
files = [
    {file = "sgp4-2.22-cp310-cp310-macosx_10_9_universal2.whl", hash = "sha256:d7cb988df79a97aa7c2a809f62735fca0c58ca3ae8f49e38400f065b0057f44c"},
    {file = "sgp4-2.22-cp310-cp310-macosx_10_9_x86_64.whl", hash = "sha256:5156e322dcd2d2d84f154b5027c6fb5e8677c854dfe5f82cc838758c3d42e569"},
    {file = "sgp4-2.22-cp310-cp310-macosx_11_0_arm64.whl", hash = "sha256:e05d6dec89e4d8811bd323bdd28680cd12778d1c8960e9458c7917075c7c1ba1"},
    {file = "sgp4-2.22-cp310-cp310-manylinux_2_17_aarch64.manylinux2014_aarch64.whl", hash = "sha256:b4a39b599e8a9106dd39081406447210c6f25994cb0f080c28790708071bd3e7"},
    {file = "sgp4-2.22-cp310-cp310-manylinux_2_5_i686.manylinux1_i686.manylinux_2_17_i686.manylinux2014_i686.whl", hash = "sha256:b84fd226eb4d9802f3627923fff33dffa8b44a819c37bc9f54939095e9ee98e2"},
    {file = "sgp4-2.22-cp310-cp310-manylinux_2_5_x86_64.manylinux1_x86_64.manylinux_2_17_x86_64.manylinux2014_x86_64.whl", hash = "sha256:b3950366a79cb9e37a8a9a96e02af46b978fe429f60660121b97c4b255f84572"},
    {file = "sgp4-2.22-cp310-cp310-win32.whl", hash = "sha256:5f44914ed22c9fc9eae5990642b9a0aa350bf8036220ae026531b37b718b2c71"},
    {file = "sgp4-2.22-cp310-cp310-win_amd64.whl", hash = "sha256:5d81b1758f4748df725b1b001cbbadda0733110d336207d72f5d2b0ea586ec6b"},
    {file = "sgp4-2.22-cp311-cp311-macosx_10_9_universal2.whl", hash = "sha256:92a1d16fcafb2e8de60ae3a222ed74d348b19436af6fb7f97ed562368ac00c71"},
    {file = "sgp4-2.22-cp311-cp311-macosx_10_9_x86_64.whl", hash = "sha256:05b7d2b225ee12feabe31b27b8ef641b428b1d5791bd121a84a6e7adb718d04f"},
    {file = "sgp4-2.22-cp311-cp311-macosx_11_0_arm64.whl", hash = "sha256:b163ed791390a058f4f6c3438bbd2a537b3ab159f39a55f814ff52a3e363173c"},
    {file = "sgp4-2.22-cp311-cp311-manylinux_2_17_aarch64.manylinux2014_aarch64.whl", hash = "sha256:2c3d7299aee0a00e639939d1f3dbd9859b368f6757f8ef4b284eb837a4ff95ed"},
    {file = "sgp4-2.22-cp311-cp311-manylinux_2_5_i686.manylinux1_i686.manylinux_2_17_i686.manylinux2014_i686.whl", hash = "sha256:c5285da92eb07126f114096fe147e9cea5ae8fed43c8d38c141269bb581bf13e"},
    {file = "sgp4-2.22-cp311-cp311-manylinux_2_5_x86_64.manylinux1_x86_64.manylinux_2_17_x86_64.manylinux2014_x86_64.whl", hash = "sha256:37a7b64b1b62c7d529dcac9303c0286223dbaaa34487be25e63361a78a7423b8"},
    {file = "sgp4-2.22-cp311-cp311-win32.whl", hash = "sha256:02ffff57475641a7133d48dbed561b1d81ccc3015fcd4dd2aeea3c9e43891a3a"},
    {file = "sgp4-2.22-cp311-cp311-win_amd64.whl", hash = "sha256:bdd33ec26172600b8669d0fbdab7d3a7fabe0cc8765397ab00082150fbfd4ce2"},
    {file = "sgp4-2.22-cp36-cp36m-macosx_10_9_x86_64.whl", hash = "sha256:6ff82b3a91b5a475a3d91ad1b73f9877351c426530e2263248dc406fbfb35a0b"},
    {file = "sgp4-2.22-cp36-cp36m-manylinux_2_17_aarch64.manylinux2014_aarch64.whl", hash = "sha256:7882390cc2465d61804ef061a640412b2bfc8f5eb708d44dfd1ba2f5ca229586"},
    {file = "sgp4-2.22-cp36-cp36m-manylinux_2_5_i686.manylinux1_i686.manylinux_2_17_i686.manylinux2014_i686.whl", hash = "sha256:b121863da32db1ff180ed72c644e33ea8b87cbd441267bd65a8da303f5f195e0"},
    {file = "sgp4-2.22-cp36-cp36m-manylinux_2_5_x86_64.manylinux1_x86_64.manylinux_2_17_x86_64.manylinux2014_x86_64.whl", hash = "sha256:3f5033265a813807a1f22c126b1285fdddd288ea2d092563e590c3e059daa189"},
    {file = "sgp4-2.22-cp36-cp36m-win32.whl", hash = "sha256:2960aa7e9b0fb63da461b91b8dde8ac8e400c8ed903f76b9ab6b25c76a20dc92"},
    {file = "sgp4-2.22-cp36-cp36m-win_amd64.whl", hash = "sha256:d2526e10150beec0bb91b3fa55ef438158a31578417ad257088d0534f6f3de57"},
    {file = "sgp4-2.22-cp37-cp37m-macosx_10_9_x86_64.whl", hash = "sha256:e9f04fe3d9d4874e547da471c37223355024d7f8193a97b7e2517cd73ca0e379"},
    {file = "sgp4-2.22-cp37-cp37m-manylinux_2_17_aarch64.manylinux2014_aarch64.whl", hash = "sha256:577677457a7901301d3634ae028bbd958a4e39ec5dc278a06de6f5933992a20b"},
    {file = "sgp4-2.22-cp37-cp37m-manylinux_2_5_i686.manylinux1_i686.manylinux_2_17_i686.manylinux2014_i686.whl", hash = "sha256:114bfdda7ff8e47759d1a2621c679797947ea997ce9a119f44e79f856f0afe1f"},
    {file = "sgp4-2.22-cp37-cp37m-manylinux_2_5_x86_64.manylinux1_x86_64.manylinux_2_17_x86_64.manylinux2014_x86_64.whl", hash = "sha256:f92a1535f26568a420486d656cba591620425be2a8f475e3780b2393f71aa8c7"},
    {file = "sgp4-2.22-cp37-cp37m-win32.whl", hash = "sha256:a3a35775a522b3a9db2e4d8de2fe31790ec91bd11906fcbdb48e0f2bf32648e5"},
    {file = "sgp4-2.22-cp37-cp37m-win_amd64.whl", hash = "sha256:1f58976a4ad700827d63230627fe236fdd726d886dc849ac1bf228851d4bcfbc"},
    {file = "sgp4-2.22-cp38-cp38-macosx_10_9_universal2.whl", hash = "sha256:e7bec5192cb280ffbe72cf03246cd6af49964b8c25610fa8d57a6f2b3c56e2c9"},
    {file = "sgp4-2.22-cp38-cp38-macosx_10_9_x86_64.whl", hash = "sha256:f022bf76668f261e9da64f789fe7a332878efbe166eb6d86550a16bb17d97f1a"},
    {file = "sgp4-2.22-cp38-cp38-macosx_11_0_arm64.whl", hash = "sha256:98ba29f2b9648d72e6eca92b573565cd9385ff439228c54079ec2462b0d1cc4b"},
    {file = "sgp4-2.22-cp38-cp38-manylinux_2_17_aarch64.manylinux2014_aarch64.whl", hash = "sha256:780b37daaf6d8ffe3368ebed257bb6deee36fa9c7db7be46492c2b1b7bd47ac9"},
    {file = "sgp4-2.22-cp38-cp38-manylinux_2_5_i686.manylinux1_i686.manylinux_2_17_i686.manylinux2014_i686.whl", hash = "sha256:b42c0f2497578deb895c7e00a82100b831dde556defe3624521c4f03a799a4a9"},
    {file = "sgp4-2.22-cp38-cp38-manylinux_2_5_x86_64.manylinux1_x86_64.manylinux_2_17_x86_64.manylinux2014_x86_64.whl", hash = "sha256:1c683a2a1d693521d40c484db09d25a06661cb417b5a1a7ece04a06ebcae25c7"},
    {file = "sgp4-2.22-cp38-cp38-win32.whl", hash = "sha256:143ce9bb3d64aa29fbac5fb24fccda3e6e6b4a4d6496d5da3f1a5160b044c020"},
    {file = "sgp4-2.22-cp38-cp38-win_amd64.whl", hash = "sha256:c109e20da8fb8d0e1ce4897753cb0e982698ff0515aa44a6982d4920961e5ca5"},
    {file = "sgp4-2.22-cp39-cp39-macosx_10_9_universal2.whl", hash = "sha256:cec169fcebfd06f0edfb4e6d22351f4e920f144f2f36a7712cd21bab9eb59abf"},
    {file = "sgp4-2.22-cp39-cp39-macosx_10_9_x86_64.whl", hash = "sha256:125a4d11eb65d4ec21974062e9e4450a2f03aac23773c023b18ad951781faa12"},
    {file = "sgp4-2.22-cp39-cp39-macosx_11_0_arm64.whl", hash = "sha256:b385243f286bd57265a51835d74a4bc4de864330cb482587248ffe134cbf8057"},
    {file = "sgp4-2.22-cp39-cp39-manylinux_2_17_aarch64.manylinux2014_aarch64.whl", hash = "sha256:4115e1246d20181d35a041fa82967aea29309ed909527d198ebda17ac10982dc"},
    {file = "sgp4-2.22-cp39-cp39-manylinux_2_5_i686.manylinux1_i686.manylinux_2_17_i686.manylinux2014_i686.whl", hash = "sha256:6c7442d512d3b30878ed00f44add8317d1ad396a021d9a0f92a12902caa6d042"},
    {file = "sgp4-2.22-cp39-cp39-manylinux_2_5_x86_64.manylinux1_x86_64.manylinux_2_17_x86_64.manylinux2014_x86_64.whl", hash = "sha256:ad656c06e8c7f956fc23a5b8a052bd078965207baa27bf2ee00761ac666e7d53"},
    {file = "sgp4-2.22-cp39-cp39-win32.whl", hash = "sha256:e3cc153b491681d3745bfcb1ad37b9c5e39bee1f8e674d2c2d7cba1a2b206d45"},
    {file = "sgp4-2.22-cp39-cp39-win_amd64.whl", hash = "sha256:62996bb490bf053dedde398e0b24a86542ac8407f438fc9fb966aa304d7abf43"},
    {file = "sgp4-2.22.tar.gz", hash = "sha256:17f0a2eaad2dca065b6de25c1ceaa940ff7cfa8cc67120cb4111a00f177b86f9"},
]

[metadata]
lock-version = "2.0"
python-versions = "^3.10"
content-hash = "ced87e59fda69f2dc48d87e48243550636a6f7f4e031ec1e1fa80a8185af7bd9"
